
Microsoft Visual Studio Solution File, Format Version 12.00
# Visual Studio 2013
VisualStudioVersion = 12.0.21005.1
MinimumVisualStudioVersion = 10.0.40219.1
Project("{FAE04EC0-301F-11D3-BF4B-00C04F79EFBC}") = "WebSite", "WebSite\WebSite.csproj", "{B74924F5-ACFE-40E7-9EA2-1A7C4DD7D84C}"
EndProject
Project("{FAE04EC0-301F-11D3-BF4B-00C04F79EFBC}") = "HelperLibrary", "HelperLibrary\HelperLibrary.csproj", "{6FA05979-DD62-45ED-8C38-749024A61DA6}"
EndProject
Global
	GlobalSection(SolutionConfigurationPlatforms) = preSolution
		Debug|Any CPU = Debug|Any CPU
		Release|Any CPU = Release|Any CPU
	EndGlobalSection
	GlobalSection(ProjectConfigurationPlatforms) = postSolution
		{B74924F5-ACFE-40E7-9EA2-1A7C4DD7D84C}.Debug|Any CPU.ActiveCfg = Debug|Any CPU
		{B74924F5-ACFE-40E7-9EA2-1A7C4DD7D84C}.Debug|Any CPU.Build.0 = Debug|Any CPU
		{B74924F5-ACFE-40E7-9EA2-1A7C4DD7D84C}.Release|Any CPU.ActiveCfg = Release|Any CPU
		{B74924F5-ACFE-40E7-9EA2-1A7C4DD7D84C}.Release|Any CPU.Build.0 = Release|Any CPU
		{6FA05979-DD62-45ED-8C38-749024A61DA6}.Debug|Any CPU.ActiveCfg = Debug|Any CPU
		{6FA05979-DD62-45ED-8C38-749024A61DA6}.Debug|Any CPU.Build.0 = Debug|Any CPU
		{6FA05979-DD62-45ED-8C38-749024A61DA6}.Release|Any CPU.ActiveCfg = Release|Any CPU
		{6FA05979-DD62-45ED-8C38-749024A61DA6}.Release|Any CPU.Build.0 = Release|Any CPU
	EndGlobalSection
	GlobalSection(SolutionProperties) = preSolution
		HideSolutionNode = FALSE
	EndGlobalSection
EndGlobal
