
Microsoft Visual Studio Solution File, Format Version 12.00
# Visual Studio 2013
VisualStudioVersion = 12.0.21005.1
MinimumVisualStudioVersion = 10.0.40219.1
Project("{FAE04EC0-301F-11D3-BF4B-00C04F79EFBC}") = "WebSite", "WebSite\WebSite.csproj", "{B74924F5-ACFE-40E7-9EA2-1A7C4DD7D84C}"
EndProject
Project("{FAE04EC0-301F-11D3-BF4B-00C04F79EFBC}") = "QzoneSpider", "QzoneSpider\QzoneSpider.csproj", "{DE0BEC7B-BECF-498A-AB7D-90F59991096D}"
EndProject
Project("{FAE04EC0-301F-11D3-BF4B-00C04F79EFBC}") = "CommonLibrary", "CommonLibrary\CommonLibrary.csproj", "{E659D25A-8006-41EC-B515-AB44FA7E4ADB}"
EndProject
Project("{FAE04EC0-301F-11D3-BF4B-00C04F79EFBC}") = "DBHelperLibrary", "DBHelperLibrary\DBHelperLibrary.csproj", "{0D48087A-5B58-4068-AB8E-76C0E52873CF}"
EndProject
Project("{FAE04EC0-301F-11D3-BF4B-00C04F79EFBC}") = "ConsoleApp", "ConsoleApp\ConsoleApp.csproj", "{9327185E-A840-4B56-A8FC-3BEECD83E43B}"
EndProject
Project("{FAE04EC0-301F-11D3-BF4B-00C04F79EFBC}") = "WinFormApp", "WinFormApp\WinFormApp.csproj", "{A4D33F9C-C9B0-434D-B5F1-FFA117EB9748}"
EndProject
Global
	GlobalSection(SolutionConfigurationPlatforms) = preSolution
		Debug|Any CPU = Debug|Any CPU
		Release|Any CPU = Release|Any CPU
	EndGlobalSection
	GlobalSection(ProjectConfigurationPlatforms) = postSolution
		{B74924F5-ACFE-40E7-9EA2-1A7C4DD7D84C}.Debug|Any CPU.ActiveCfg = Debug|Any CPU
		{B74924F5-ACFE-40E7-9EA2-1A7C4DD7D84C}.Debug|Any CPU.Build.0 = Debug|Any CPU
		{B74924F5-ACFE-40E7-9EA2-1A7C4DD7D84C}.Release|Any CPU.ActiveCfg = Release|Any CPU
		{B74924F5-ACFE-40E7-9EA2-1A7C4DD7D84C}.Release|Any CPU.Build.0 = Release|Any CPU
		{DE0BEC7B-BECF-498A-AB7D-90F59991096D}.Debug|Any CPU.ActiveCfg = Debug|Any CPU
		{DE0BEC7B-BECF-498A-AB7D-90F59991096D}.Debug|Any CPU.Build.0 = Debug|Any CPU
		{DE0BEC7B-BECF-498A-AB7D-90F59991096D}.Release|Any CPU.ActiveCfg = Release|Any CPU
		{DE0BEC7B-BECF-498A-AB7D-90F59991096D}.Release|Any CPU.Build.0 = Release|Any CPU
		{E659D25A-8006-41EC-B515-AB44FA7E4ADB}.Debug|Any CPU.ActiveCfg = Debug|Any CPU
		{E659D25A-8006-41EC-B515-AB44FA7E4ADB}.Debug|Any CPU.Build.0 = Debug|Any CPU
		{E659D25A-8006-41EC-B515-AB44FA7E4ADB}.Release|Any CPU.ActiveCfg = Release|Any CPU
		{E659D25A-8006-41EC-B515-AB44FA7E4ADB}.Release|Any CPU.Build.0 = Release|Any CPU
		{0D48087A-5B58-4068-AB8E-76C0E52873CF}.Debug|Any CPU.ActiveCfg = Debug|Any CPU
		{0D48087A-5B58-4068-AB8E-76C0E52873CF}.Debug|Any CPU.Build.0 = Debug|Any CPU
		{0D48087A-5B58-4068-AB8E-76C0E52873CF}.Release|Any CPU.ActiveCfg = Release|Any CPU
		{0D48087A-5B58-4068-AB8E-76C0E52873CF}.Release|Any CPU.Build.0 = Release|Any CPU
		{9327185E-A840-4B56-A8FC-3BEECD83E43B}.Debug|Any CPU.ActiveCfg = Debug|Any CPU
		{9327185E-A840-4B56-A8FC-3BEECD83E43B}.Debug|Any CPU.Build.0 = Debug|Any CPU
		{9327185E-A840-4B56-A8FC-3BEECD83E43B}.Release|Any CPU.ActiveCfg = Release|Any CPU
		{9327185E-A840-4B56-A8FC-3BEECD83E43B}.Release|Any CPU.Build.0 = Release|Any CPU
		{A4D33F9C-C9B0-434D-B5F1-FFA117EB9748}.Debug|Any CPU.ActiveCfg = Debug|Any CPU
		{A4D33F9C-C9B0-434D-B5F1-FFA117EB9748}.Debug|Any CPU.Build.0 = Debug|Any CPU
		{A4D33F9C-C9B0-434D-B5F1-FFA117EB9748}.Release|Any CPU.ActiveCfg = Release|Any CPU
		{A4D33F9C-C9B0-434D-B5F1-FFA117EB9748}.Release|Any CPU.Build.0 = Release|Any CPU
	EndGlobalSection
	GlobalSection(SolutionProperties) = preSolution
		HideSolutionNode = FALSE
	EndGlobalSection
EndGlobal
